
Microsoft Visual Studio Solution File, Format Version 12.00
# Visual Studio Version 17
VisualStudioVersion = 17.9.34902.65
MinimumVisualStudioVersion = 10.0.40219.1
Project("{FAE04EC0-301F-11D3-BF4B-00C04F79EFBC}") = "SiCumpleConSolid", "SiCumpleConSolid\SiCumpleConSolid.csproj", "{B0B0C381-71D1-4E0A-91BD-91F6FE5B75DC}"
EndProject
Global
	GlobalSection(SolutionConfigurationPlatforms) = preSolution
		Debug|Any CPU = Debug|Any CPU
		Release|Any CPU = Release|Any CPU
	EndGlobalSection
	GlobalSection(ProjectConfigurationPlatforms) = postSolution
		{B0B0C381-71D1-4E0A-91BD-91F6FE5B75DC}.Debug|Any CPU.ActiveCfg = Debug|Any CPU
		{B0B0C381-71D1-4E0A-91BD-91F6FE5B75DC}.Debug|Any CPU.Build.0 = Debug|Any CPU
		{B0B0C381-71D1-4E0A-91BD-91F6FE5B75DC}.Release|Any CPU.ActiveCfg = Release|Any CPU
		{B0B0C381-71D1-4E0A-91BD-91F6FE5B75DC}.Release|Any CPU.Build.0 = Release|Any CPU
	EndGlobalSection
	GlobalSection(SolutionProperties) = preSolution
		HideSolutionNode = FALSE
	EndGlobalSection
	GlobalSection(ExtensibilityGlobals) = postSolution
		SolutionGuid = {4F5AD6E2-22D2-4517-85E3-22A013D9D618}
	EndGlobalSection
EndGlobal
